// !$*UTF8*$!
{
	archiveVersion = 1;
	classes = {
	};
	objectVersion = 48;
	objects = {

/* Begin PBXBuildFile section */
		F4907EBA203209CA00551C8A /* main.cpp in Sources */ = {isa = PBXBuildFile; fileRef = F4907EB9203209CA00551C8A /* main.cpp */; };
		F4907EC2203213F900551C8A /* DataType.cpp in Sources */ = {isa = PBXBuildFile; fileRef = F4907EC0203213F900551C8A /* DataType.cpp */; };
		F4907EC52032169300551C8A /* SortedLinkedList.cpp in Sources */ = {isa = PBXBuildFile; fileRef = F4907EC32032169300551C8A /* SortedLinkedList.cpp */; };
		F4CE0BD92051E1B2001775D6 /* Makefile in Sources */ = {isa = PBXBuildFile; fileRef = F4CE0BD82051E1B2001775D6 /* Makefile */; };
		F4CE0BDC2051E619001775D6 /* ItemType.cpp in Sources */ = {isa = PBXBuildFile; fileRef = F4CE0BDA2051E619001775D6 /* ItemType.cpp */; };
		F4CE0BDF2051EE64001775D6 /* CircularLinkedList.cpp in Sources */ = {isa = PBXBuildFile; fileRef = F4CE0BDD2051EE64001775D6 /* CircularLinkedList.cpp */; };
/* End PBXBuildFile section */

/* Begin PBXCopyFilesBuildPhase section */
		F4907EB4203209CA00551C8A /* CopyFiles */ = {
			isa = PBXCopyFilesBuildPhase;
			buildActionMask = 2147483647;
			dstPath = /usr/share/man/man1/;
			dstSubfolderSpec = 0;
			files = (
			);
			runOnlyForDeploymentPostprocessing = 1;
		};
/* End PBXCopyFilesBuildPhase section */

/* Begin PBXFileReference section */
		F4507FCC203664A9009A2637 /* input.txt */ = {isa = PBXFileReference; lastKnownFileType = text; path = input.txt; sourceTree = SOURCE_ROOT; };
		F4907EB6203209CA00551C8A /* Project 2 */ = {isa = PBXFileReference; explicitFileType = "compiled.mach-o.executable"; includeInIndex = 0; name = "Project 2"; path = "/Users/Home/Desktop/CS2720Project2/build/Debug/Project 2"; sourceTree = "<absolute>"; };
		F4907EB9203209CA00551C8A /* main.cpp */ = {isa = PBXFileReference; lastKnownFileType = sourcecode.cpp.cpp; path = main.cpp; sourceTree = "<group>"; };
		F4907EC0203213F900551C8A /* DataType.cpp */ = {isa = PBXFileReference; lastKnownFileType = sourcecode.cpp.cpp; path = DataType.cpp; sourceTree = "<group>"; };
		F4907EC1203213F900551C8A /* DataType.h */ = {isa = PBXFileReference; lastKnownFileType = sourcecode.c.h; path = DataType.h; sourceTree = "<group>"; };
		F4907EC32032169300551C8A /* SortedLinkedList.cpp */ = {isa = PBXFileReference; lastKnownFileType = sourcecode.cpp.cpp; path = SortedLinkedList.cpp; sourceTree = "<group>"; };
		F4907EC42032169300551C8A /* SortedLinkedList.h */ = {isa = PBXFileReference; lastKnownFileType = sourcecode.c.h; path = SortedLinkedList.h; sourceTree = "<group>"; };
		F4907EC720321AFD00551C8A /* ListNode.h */ = {isa = PBXFileReference; lastKnownFileType = sourcecode.c.h; path = ListNode.h; sourceTree = "<group>"; };
		F4CE0BD82051E1B2001775D6 /* Makefile */ = {isa = PBXFileReference; fileEncoding = 4; lastKnownFileType = sourcecode.make; path = Makefile; sourceTree = "<group>"; };
		F4CE0BDA2051E619001775D6 /* ItemType.cpp */ = {isa = PBXFileReference; lastKnownFileType = sourcecode.cpp.cpp; path = ItemType.cpp; sourceTree = "<group>"; };
		F4CE0BDB2051E619001775D6 /* ItemType.h */ = {isa = PBXFileReference; lastKnownFileType = sourcecode.c.h; path = ItemType.h; sourceTree = "<group>"; };
		F4CE0BDD2051EE64001775D6 /* CircularLinkedList.cpp */ = {isa = PBXFileReference; lastKnownFileType = sourcecode.cpp.cpp; name = CircularLinkedList.cpp; path = ../CircularLinkedList.cpp; sourceTree = "<group>"; };
		F4CE0BDE2051EE64001775D6 /* CircularLinkedList.h */ = {isa = PBXFileReference; lastKnownFileType = sourcecode.c.h; path = CircularLinkedList.h; sourceTree = "<group>"; };
/* End PBXFileReference section */

/* Begin PBXFrameworksBuildPhase section */
		F4907EB3203209CA00551C8A /* Frameworks */ = {
			isa = PBXFrameworksBuildPhase;
			buildActionMask = 2147483647;
			files = (
			);
			runOnlyForDeploymentPostprocessing = 0;
		};
/* End PBXFrameworksBuildPhase section */

/* Begin PBXGroup section */
		F4907EAD203209CA00551C8A = {
			isa = PBXGroup;
			children = (
				F4907EB8203209CA00551C8A /* Project 2 */,
			);
			sourceTree = "<group>";
		};
		F4907EB8203209CA00551C8A /* Project 2 */ = {
			isa = PBXGroup;
			children = (
				F4907EB9203209CA00551C8A /* main.cpp */,
				F4907EC42032169300551C8A /* SortedLinkedList.h */,
				F4907EC32032169300551C8A /* SortedLinkedList.cpp */,
				F4CE0BDE2051EE64001775D6 /* CircularLinkedList.h */,
				F4907EC720321AFD00551C8A /* ListNode.h */,
				F4907EC1203213F900551C8A /* DataType.h */,
				F4907EC0203213F900551C8A /* DataType.cpp */,
				F4507FCC203664A9009A2637 /* input.txt */,
				F4CE0BD82051E1B2001775D6 /* Makefile */,
				F4CE0BDA2051E619001775D6 /* ItemType.cpp */,
				F4CE0BDB2051E619001775D6 /* ItemType.h */,
				F4CE0BDD2051EE64001775D6 /* CircularLinkedList.cpp */,
			);
			path = "Project 2";
			sourceTree = "<group>";
		};
/* End PBXGroup section */

/* Begin PBXNativeTarget section */
		F4907EB5203209CA00551C8A /* Project 2 */ = {
			isa = PBXNativeTarget;
			buildConfigurationList = F4907EBD203209CA00551C8A /* Build configuration list for PBXNativeTarget "Project 2" */;
			buildPhases = (
				F4907EB2203209CA00551C8A /* Sources */,
				F4907EB3203209CA00551C8A /* Frameworks */,
				F4907EB4203209CA00551C8A /* CopyFiles */,
			);
			buildRules = (
			);
			dependencies = (
			);
			name = "Project 2";
			productName = "Project 1";
			productReference = F4907EB6203209CA00551C8A /* Project 2 */;
			productType = "com.apple.product-type.tool";
		};
/* End PBXNativeTarget section */

/* Begin PBXProject section */
		F4907EAE203209CA00551C8A /* Project object */ = {
			isa = PBXProject;
			attributes = {
				LastUpgradeCheck = 0920;
				ORGANIZATIONNAME = "Shan Qamruddin";
				TargetAttributes = {
					F4907EB5203209CA00551C8A = {
						CreatedOnToolsVersion = 9.2;
						ProvisioningStyle = Automatic;
					};
				};
			};
			buildConfigurationList = F4907EB1203209CA00551C8A /* Build configuration list for PBXProject "Project 2" */;
			compatibilityVersion = "Xcode 8.0";
			developmentRegion = en;
			hasScannedForEncodings = 0;
			knownRegions = (
				en,
			);
			mainGroup = F4907EAD203209CA00551C8A;
			productRefGroup = F4907EAD203209CA00551C8A;
			projectDirPath = "";
			projectRoot = "";
			targets = (
				F4907EB5203209CA00551C8A /* Project 2 */,
			);
		};
/* End PBXProject section */

/* Begin PBXSourcesBuildPhase section */
		F4907EB2203209CA00551C8A /* Sources */ = {
			isa = PBXSourcesBuildPhase;
			buildActionMask = 2147483647;
			files = (
				F4CE0BDC2051E619001775D6 /* ItemType.cpp in Sources */,
				F4907EBA203209CA00551C8A /* main.cpp in Sources */,
				F4907EC52032169300551C8A /* SortedLinkedList.cpp in Sources */,
				F4CE0BDF2051EE64001775D6 /* CircularLinkedList.cpp in Sources */,
				F4CE0BD92051E1B2001775D6 /* Makefile in Sources */,
				F4907EC2203213F900551C8A /* DataType.cpp in Sources */,
			);
			runOnlyForDeploymentPostprocessing = 0;
		};
/* End PBXSourcesBuildPhase section */

/* Begin XCBuildConfiguration section */
		F4907EBB203209CA00551C8A /* Debug */ = {
			isa = XCBuildConfiguration;
			buildSettings = {
				ALWAYS_SEARCH_USER_PATHS = NO;
				CLANG_ANALYZER_NONNULL = YES;
				CLANG_ANALYZER_NUMBER_OBJECT_CONVERSION = YES_AGGRESSIVE;
				CLANG_CXX_LANGUAGE_STANDARD = "gnu++14";
				CLANG_CXX_LIBRARY = "libc++";
				CLANG_ENABLE_MODULES = YES;
				CLANG_ENABLE_OBJC_ARC = YES;
				CLANG_WARN_BLOCK_CAPTURE_AUTORELEASING = YES;
				CLANG_WARN_BOOL_CONVERSION = YES;
				CLANG_WARN_COMMA = YES;
				CLANG_WARN_CONSTANT_CONVERSION = YES;
				CLANG_WARN_DIRECT_OBJC_ISA_USAGE = YES_ERROR;
				CLANG_WARN_DOCUMENTATION_COMMENTS = YES;
				CLANG_WARN_EMPTY_BODY = YES;
				CLANG_WARN_ENUM_CONVERSION = YES;
				CLANG_WARN_INFINITE_RECURSION = YES;
				CLANG_WARN_INT_CONVERSION = YES;
				CLANG_WARN_NON_LITERAL_NULL_CONVERSION = YES;
				CLANG_WARN_OBJC_LITERAL_CONVERSION = YES;
				CLANG_WARN_OBJC_ROOT_CLASS = YES_ERROR;
				CLANG_WARN_RANGE_LOOP_ANALYSIS = YES;
				CLANG_WARN_STRICT_PROTOTYPES = YES;
				CLANG_WARN_SUSPICIOUS_MOVE = YES;
				CLANG_WARN_UNGUARDED_AVAILABILITY = YES_AGGRESSIVE;
				CLANG_WARN_UNREACHABLE_CODE = YES;
				CLANG_WARN__DUPLICATE_METHOD_MATCH = YES;
				CODE_SIGN_IDENTITY = "-";
				COPY_PHASE_STRIP = NO;
				DEBUG_INFORMATION_FORMAT = dwarf;
				ENABLE_STRICT_OBJC_MSGSEND = YES;
				ENABLE_TESTABILITY = YES;
				GCC_C_LANGUAGE_STANDARD = gnu11;
				GCC_DYNAMIC_NO_PIC = NO;
				GCC_NO_COMMON_BLOCKS = YES;
				GCC_OPTIMIZATION_LEVEL = 0;
				GCC_PREPROCESSOR_DEFINITIONS = (
					"DEBUG=1",
					"$(inherited)",
				);
				GCC_WARN_64_TO_32_BIT_CONVERSION = YES;
				GCC_WARN_ABOUT_RETURN_TYPE = YES_ERROR;
				GCC_WARN_UNDECLARED_SELECTOR = YES;
				GCC_WARN_UNINITIALIZED_AUTOS = YES_AGGRESSIVE;
				GCC_WARN_UNUSED_FUNCTION = YES;
				GCC_WARN_UNUSED_VARIABLE = YES;
				MACOSX_DEPLOYMENT_TARGET = 10.13;
				MTL_ENABLE_DEBUG_INFO = YES;
				ONLY_ACTIVE_ARCH = YES;
				SDKROOT = macosx;
			};
			name = Debug;
		};
		F4907EBC203209CA00551C8A /* Release */ = {
			isa = XCBuildConfiguration;
			buildSettings = {
				ALWAYS_SEARCH_USER_PATHS = NO;
				CLANG_ANALYZER_NONNULL = YES;
				CLANG_ANALYZER_NUMBER_OBJECT_CONVERSION = YES_AGGRESSIVE;
				CLANG_CXX_LANGUAGE_STANDARD = "gnu++14";
				CLANG_CXX_LIBRARY = "libc++";
				CLANG_ENABLE_MODULES = YES;
				CLANG_ENABLE_OBJC_ARC = YES;
				CLANG_WARN_BLOCK_CAPTURE_AUTORELEASING = YES;
				CLANG_WARN_BOOL_CONVERSION = YES;
				CLANG_WARN_COMMA = YES;
				CLANG_WARN_CONSTANT_CONVERSION = YES;
				CLANG_WARN_DIRECT_OBJC_ISA_USAGE = YES_ERROR;
				CLANG_WARN_DOCUMENTATION_COMMENTS = YES;
				CLANG_WARN_EMPTY_BODY = YES;
				CLANG_WARN_ENUM_CONVERSION = YES;
				CLANG_WARN_INFINITE_RECURSION = YES;
				CLANG_WARN_INT_CONVERSION = YES;
				CLANG_WARN_NON_LITERAL_NULL_CONVERSION = YES;
				CLANG_WARN_OBJC_LITERAL_CONVERSION = YES;
				CLANG_WARN_OBJC_ROOT_CLASS = YES_ERROR;
				CLANG_WARN_RANGE_LOOP_ANALYSIS = YES;
				CLANG_WARN_STRICT_PROTOTYPES = YES;
				CLANG_WARN_SUSPICIOUS_MOVE = YES;
				CLANG_WARN_UNGUARDED_AVAILABILITY = YES_AGGRESSIVE;
				CLANG_WARN_UNREACHABLE_CODE = YES;
				CLANG_WARN__DUPLICATE_METHOD_MATCH = YES;
				CODE_SIGN_IDENTITY = "-";
				COPY_PHASE_STRIP = NO;
				DEBUG_INFORMATION_FORMAT = "dwarf-with-dsym";
				ENABLE_NS_ASSERTIONS = NO;
				ENABLE_STRICT_OBJC_MSGSEND = YES;
				GCC_C_LANGUAGE_STANDARD = gnu11;
				GCC_NO_COMMON_BLOCKS = YES;
				GCC_WARN_64_TO_32_BIT_CONVERSION = YES;
				GCC_WARN_ABOUT_RETURN_TYPE = YES_ERROR;
				GCC_WARN_UNDECLARED_SELECTOR = YES;
				GCC_WARN_UNINITIALIZED_AUTOS = YES_AGGRESSIVE;
				GCC_WARN_UNUSED_FUNCTION = YES;
				GCC_WARN_UNUSED_VARIABLE = YES;
				MACOSX_DEPLOYMENT_TARGET = 10.13;
				MTL_ENABLE_DEBUG_INFO = NO;
				SDKROOT = macosx;
			};
			name = Release;
		};
		F4907EBE203209CA00551C8A /* Debug */ = {
			isa = XCBuildConfiguration;
			buildSettings = {
				CODE_SIGN_STYLE = Automatic;
				PRODUCT_NAME = "$(TARGET_NAME)";
			};
			name = Debug;
		};
		F4907EBF203209CA00551C8A /* Release */ = {
			isa = XCBuildConfiguration;
			buildSettings = {
				CODE_SIGN_STYLE = Automatic;
				PRODUCT_NAME = "$(TARGET_NAME)";
			};
			name = Release;
		};
/* End XCBuildConfiguration section */

/* Begin XCConfigurationList section */
		F4907EB1203209CA00551C8A /* Build configuration list for PBXProject "Project 2" */ = {
			isa = XCConfigurationList;
			buildConfigurations = (
				F4907EBB203209CA00551C8A /* Debug */,
				F4907EBC203209CA00551C8A /* Release */,
			);
			defaultConfigurationIsVisible = 0;
			defaultConfigurationName = Release;
		};
		F4907EBD203209CA00551C8A /* Build configuration list for PBXNativeTarget "Project 2" */ = {
			isa = XCConfigurationList;
			buildConfigurations = (
				F4907EBE203209CA00551C8A /* Debug */,
				F4907EBF203209CA00551C8A /* Release */,
			);
			defaultConfigurationIsVisible = 0;
			defaultConfigurationName = Release;
		};
/* End XCConfigurationList section */
	};
	rootObject = F4907EAE203209CA00551C8A /* Project object */;
}
